
Microsoft Visual Studio Solution File, Format Version 12.00
# Visual Studio Version 16
VisualStudioVersion = 16.0.32602.291
MinimumVisualStudioVersion = 10.0.40219.1
Project("{FAE04EC0-301F-11D3-BF4B-00C04F79EFBC}") = "BigSmall", "BigSmall\BigSmall.csproj", "{8732B0BA-F3FB-4689-98A3-1A7F5057E962}"
EndProject
Global
	GlobalSection(SolutionConfigurationPlatforms) = preSolution
		Debug|Any CPU = Debug|Any CPU
		Release|Any CPU = Release|Any CPU
	EndGlobalSection
	GlobalSection(ProjectConfigurationPlatforms) = postSolution
		{8732B0BA-F3FB-4689-98A3-1A7F5057E962}.Debug|Any CPU.ActiveCfg = Debug|Any CPU
		{8732B0BA-F3FB-4689-98A3-1A7F5057E962}.Debug|Any CPU.Build.0 = Debug|Any CPU
		{8732B0BA-F3FB-4689-98A3-1A7F5057E962}.Release|Any CPU.ActiveCfg = Release|Any CPU
		{8732B0BA-F3FB-4689-98A3-1A7F5057E962}.Release|Any CPU.Build.0 = Release|Any CPU
	EndGlobalSection
	GlobalSection(SolutionProperties) = preSolution
		HideSolutionNode = FALSE
	EndGlobalSection
	GlobalSection(ExtensibilityGlobals) = postSolution
		SolutionGuid = {8FB8114D-AF58-42AF-B3B0-7ADB45AAAD42}
	EndGlobalSection
EndGlobal
